
Microsoft Visual Studio Solution File, Format Version 12.00
# Visual Studio 15
VisualStudioVersion = 15.0.28307.572
MinimumVisualStudioVersion = 10.0.40219.1
Project("{FAE04EC0-301F-11D3-BF4B-00C04F79EFBC}") = "ConsoleLoadBar", "ConsoleLoadBar\ConsoleLoadBar.csproj", "{8F401F97-D6F3-4D6C-AC1F-DD5F6E33184B}"
EndProject
Global
	GlobalSection(SolutionConfigurationPlatforms) = preSolution
		Debug|Any CPU = Debug|Any CPU
		Release|Any CPU = Release|Any CPU
	EndGlobalSection
	GlobalSection(ProjectConfigurationPlatforms) = postSolution
		{8F401F97-D6F3-4D6C-AC1F-DD5F6E33184B}.Debug|Any CPU.ActiveCfg = Debug|Any CPU
		{8F401F97-D6F3-4D6C-AC1F-DD5F6E33184B}.Debug|Any CPU.Build.0 = Debug|Any CPU
		{8F401F97-D6F3-4D6C-AC1F-DD5F6E33184B}.Release|Any CPU.ActiveCfg = Release|Any CPU
		{8F401F97-D6F3-4D6C-AC1F-DD5F6E33184B}.Release|Any CPU.Build.0 = Release|Any CPU
	EndGlobalSection
	GlobalSection(SolutionProperties) = preSolution
		HideSolutionNode = FALSE
	EndGlobalSection
	GlobalSection(ExtensibilityGlobals) = postSolution
		SolutionGuid = {1E8DB9F9-AA46-4DA4-93C2-34DDD0022732}
	EndGlobalSection
EndGlobal
